
Microsoft Visual Studio Solution File, Format Version 12.00
# Visual Studio 15
Project("{FAE04EC0-301F-11D3-BF4B-00C04F79EFBC}") = "Assembly-CSharp", "Assembly-CSharp.csproj", "{6A79D5A6-DF64-C4C2-524A-19B0131FDF36}"
EndProject
Project("{FAE04EC0-301F-11D3-BF4B-00C04F79EFBC}") = "Assembly-CSharp", "Assembly-CSharp.Player.csproj", "{B8DA7EBF-CA70-199F-7598-8A76543B56B8}"
EndProject
Global
	GlobalSection(SolutionConfigurationPlatforms) = preSolution
		Debug|Any CPU = Debug|Any CPU
		Release|Any CPU = Release|Any CPU
	EndGlobalSection
	GlobalSection(ProjectConfigurationPlatforms) = postSolution
		{6A79D5A6-DF64-C4C2-524A-19B0131FDF36}.Debug|Any CPU.ActiveCfg = Debug|Any CPU
		{6A79D5A6-DF64-C4C2-524A-19B0131FDF36}.Debug|Any CPU.Build.0 = Debug|Any CPU
		{6A79D5A6-DF64-C4C2-524A-19B0131FDF36}.Release|Any CPU.ActiveCfg = Release|Any CPU
		{6A79D5A6-DF64-C4C2-524A-19B0131FDF36}.Release|Any CPU.Build.0 = Release|Any CPU
		{B8DA7EBF-CA70-199F-7598-8A76543B56B8}.Debug|Any CPU.ActiveCfg = Debug|Any CPU
		{B8DA7EBF-CA70-199F-7598-8A76543B56B8}.Debug|Any CPU.Build.0 = Debug|Any CPU
		{B8DA7EBF-CA70-199F-7598-8A76543B56B8}.Release|Any CPU.ActiveCfg = Release|Any CPU
		{B8DA7EBF-CA70-199F-7598-8A76543B56B8}.Release|Any CPU.Build.0 = Release|Any CPU
	EndGlobalSection
	GlobalSection(SolutionProperties) = preSolution
		HideSolutionNode = FALSE
	EndGlobalSection
EndGlobal
